{
  "name": "neurocore",
  "version": "0.1.0",
  "lockfileVersion": 3,
  "requires": true,
  "packages": {
    "": {
      "name": "neurocore",
      "version": "0.1.0",
      "workspaces": [
        "packages/*"
      ],
      "devDependencies": {
        "@types/node": "^24.5.2",
        "typescript": "^5.8.2"
      }
    },
    "node_modules/@neurocore/eval-core": {
      "resolved": "packages/eval-core",
      "link": true
    },
    "node_modules/@neurocore/memory-core": {
      "resolved": "packages/memory-core",
      "link": true
    },
    "node_modules/@neurocore/policy-core": {
      "resolved": "packages/policy-core",
      "link": true
    },
    "node_modules/@neurocore/protocol": {
      "resolved": "packages/protocol",
      "link": true
    },
    "node_modules/@neurocore/runtime-core": {
      "resolved": "packages/runtime-core",
      "link": true
    },
    "node_modules/@neurocore/runtime-server": {
      "resolved": "packages/runtime-server",
      "link": true
    },
    "node_modules/@neurocore/sdk-core": {
      "resolved": "packages/sdk-core",
      "link": true
    },
    "node_modules/@neurocore/sdk-node": {
      "resolved": "packages/sdk-node",
      "link": true
    },
    "node_modules/@types/node": {
      "version": "24.12.0",
      "resolved": "https://registry.npmjs.org/@types/node/-/node-24.12.0.tgz",
      "integrity": "sha512-GYDxsZi3ChgmckRT9HPU0WEhKLP08ev/Yfcq2AstjrDASOYCSXeyjDsHg4v5t4jOj7cyDX3vmprafKlWIG9MXQ==",
      "dev": true,
      "license": "MIT",
      "dependencies": {
        "undici-types": "~7.16.0"
      }
    },
    "node_modules/typescript": {
      "version": "5.9.3",
      "resolved": "https://registry.npmjs.org/typescript/-/typescript-5.9.3.tgz",
      "integrity": "sha512-jl1vZzPDinLr9eUt3J/t7V6FgNEw9QjvBPdysz9KfQDD41fQrC2Y4vKQdiaUpFT4bXlb1RHhLpp8wtm6M5TgSw==",
      "dev": true,
      "license": "Apache-2.0",
      "bin": {
        "tsc": "bin/tsc",
        "tsserver": "bin/tsserver"
      },
      "engines": {
        "node": ">=14.17"
      }
    },
    "node_modules/undici-types": {
      "version": "7.16.0",
      "resolved": "https://registry.npmjs.org/undici-types/-/undici-types-7.16.0.tgz",
      "integrity": "sha512-Zz+aZWSj8LE6zoxD+xrjh4VfkIG8Ya6LvYkZqtUQGJPZjYl53ypCaUwWqo7eI0x66KBGeRo+mlBEkMSeSZ38Nw==",
      "dev": true,
      "license": "MIT"
    },
    "packages/eval-core": {
      "name": "@neurocore/eval-core",
      "version": "0.1.0",
      "dependencies": {
        "@neurocore/protocol": "file:../protocol",
        "@neurocore/sdk-core": "file:../sdk-core"
      }
    },
    "packages/memory-core": {
      "name": "@neurocore/memory-core",
      "version": "0.1.0",
      "dependencies": {
        "@neurocore/protocol": "file:../protocol"
      }
    },
    "packages/policy-core": {
      "name": "@neurocore/policy-core",
      "version": "0.1.0",
      "dependencies": {
        "@neurocore/protocol": "file:../protocol"
      }
    },
    "packages/protocol": {
      "name": "@neurocore/protocol",
      "version": "0.1.0"
    },
    "packages/runtime-core": {
      "name": "@neurocore/runtime-core",
      "version": "0.1.0",
      "dependencies": {
        "@neurocore/memory-core": "file:../memory-core",
        "@neurocore/policy-core": "file:../policy-core",
        "@neurocore/protocol": "file:../protocol"
      }
    },
    "packages/runtime-server": {
      "name": "@neurocore/runtime-server",
      "version": "0.1.0",
      "dependencies": {
        "@neurocore/protocol": "file:../protocol",
        "@neurocore/sdk-core": "file:../sdk-core"
      }
    },
    "packages/sdk-core": {
      "name": "@neurocore/sdk-core",
      "version": "0.1.0",
      "dependencies": {
        "@neurocore/protocol": "file:../protocol",
        "@neurocore/runtime-core": "file:../runtime-core"
      }
    },
    "packages/sdk-node": {
      "name": "@neurocore/sdk-node",
      "version": "0.1.0",
      "dependencies": {
        "@neurocore/protocol": "file:../protocol",
        "@neurocore/sdk-core": "file:../sdk-core"
      }
    }
  }
}
